// !$*UTF8*$!
{
	archiveVersion = 1;
	classes = {
	};
	objectVersion = 56;
	objects = {

/* Begin PBXBuildFile section */
		D9AC6C6A29EBDE1E00C9E938 /* Cocoa.framework in Frameworks */ = {isa = PBXBuildFile; fileRef = D9F92DDC29EB5DC900C7516C /* Cocoa.framework */; };
		D9AC6C6E29EBDE1F00C9E938 /* SourceEditorExtension.swift in Sources */ = {isa = PBXBuildFile; fileRef = D9AC6C6D29EBDE1F00C9E938 /* SourceEditorExtension.swift */; };
		D9AC6C7029EBDE1F00C9E938 /* SourceEditorCommand.swift in Sources */ = {isa = PBXBuildFile; fileRef = D9AC6C6F29EBDE1F00C9E938 /* SourceEditorCommand.swift */; };
		D9AC6C7529EBDE1F00C9E938 /* Clean Helper.appex in Embed Foundation Extensions */ = {isa = PBXBuildFile; fileRef = D9AC6C6929EBDE1E00C9E938 /* Clean Helper.appex */; settings = {ATTRIBUTES = (RemoveHeadersOnCopy, ); }; };
		D9AC6C7929EBDF1900C9E938 /* XcodeKit.framework in Frameworks */ = {isa = PBXBuildFile; fileRef = D9F92DDE29EB5DCA00C7516C /* XcodeKit.framework */; };
		D9AC6C7A29EBDF1900C9E938 /* XcodeKit.framework in Embed Frameworks */ = {isa = PBXBuildFile; fileRef = D9F92DDE29EB5DCA00C7516C /* XcodeKit.framework */; settings = {ATTRIBUTES = (CodeSignOnCopy, RemoveHeadersOnCopy, ); }; };
		D9F92DC829EB5DB600C7516C /* AppDelegate.swift in Sources */ = {isa = PBXBuildFile; fileRef = D9F92DC729EB5DB600C7516C /* AppDelegate.swift */; };
		D9F92DCA29EB5DB600C7516C /* ViewController.swift in Sources */ = {isa = PBXBuildFile; fileRef = D9F92DC929EB5DB600C7516C /* ViewController.swift */; };
		D9F92DCC29EB5DB800C7516C /* Assets.xcassets in Resources */ = {isa = PBXBuildFile; fileRef = D9F92DCB29EB5DB800C7516C /* Assets.xcassets */; };
		D9F92DCF29EB5DB800C7516C /* Main.storyboard in Resources */ = {isa = PBXBuildFile; fileRef = D9F92DCD29EB5DB800C7516C /* Main.storyboard */; };
/* End PBXBuildFile section */

/* Begin PBXContainerItemProxy section */
		D9AC6C7329EBDE1F00C9E938 /* PBXContainerItemProxy */ = {
			isa = PBXContainerItemProxy;
			containerPortal = D9F92DBC29EB5DB600C7516C /* Project object */;
			proxyType = 1;
			remoteGlobalIDString = D9AC6C6829EBDE1E00C9E938;
			remoteInfo = "Clean Helper";
		};
/* End PBXContainerItemProxy section */

/* Begin PBXCopyFilesBuildPhase section */
		D9AC6C7B29EBDF1900C9E938 /* Embed Frameworks */ = {
			isa = PBXCopyFilesBuildPhase;
			buildActionMask = 2147483647;
			dstPath = "";
			dstSubfolderSpec = 10;
			files = (
				D9AC6C7A29EBDF1900C9E938 /* XcodeKit.framework in Embed Frameworks */,
			);
			name = "Embed Frameworks";
			runOnlyForDeploymentPostprocessing = 0;
		};
		D9F92DED29EB5DCA00C7516C /* Embed Foundation Extensions */ = {
			isa = PBXCopyFilesBuildPhase;
			buildActionMask = 2147483647;
			dstPath = "";
			dstSubfolderSpec = 13;
			files = (
				D9AC6C7529EBDE1F00C9E938 /* Clean Helper.appex in Embed Foundation Extensions */,
			);
			name = "Embed Foundation Extensions";
			runOnlyForDeploymentPostprocessing = 0;
		};
/* End PBXCopyFilesBuildPhase section */

/* Begin PBXFileReference section */
		D9AC6C6929EBDE1E00C9E938 /* Clean Helper.appex */ = {isa = PBXFileReference; explicitFileType = "wrapper.app-extension"; includeInIndex = 0; path = "Clean Helper.appex"; sourceTree = BUILT_PRODUCTS_DIR; };
		D9AC6C6D29EBDE1F00C9E938 /* SourceEditorExtension.swift */ = {isa = PBXFileReference; lastKnownFileType = sourcecode.swift; path = SourceEditorExtension.swift; sourceTree = "<group>"; };
		D9AC6C6F29EBDE1F00C9E938 /* SourceEditorCommand.swift */ = {isa = PBXFileReference; lastKnownFileType = sourcecode.swift; path = SourceEditorCommand.swift; sourceTree = "<group>"; usesTabs = 1; };
		D9AC6C7129EBDE1F00C9E938 /* Info.plist */ = {isa = PBXFileReference; lastKnownFileType = text.plist.xml; path = Info.plist; sourceTree = "<group>"; };
		D9AC6C7229EBDE1F00C9E938 /* Clean_Helper.entitlements */ = {isa = PBXFileReference; lastKnownFileType = text.plist.entitlements; path = Clean_Helper.entitlements; sourceTree = "<group>"; };
		D9F92DC429EB5DB600C7516C /* CleanHelperExtension.app */ = {isa = PBXFileReference; explicitFileType = wrapper.application; includeInIndex = 0; path = CleanHelperExtension.app; sourceTree = BUILT_PRODUCTS_DIR; };
		D9F92DC729EB5DB600C7516C /* AppDelegate.swift */ = {isa = PBXFileReference; lastKnownFileType = sourcecode.swift; path = AppDelegate.swift; sourceTree = "<group>"; };
		D9F92DC929EB5DB600C7516C /* ViewController.swift */ = {isa = PBXFileReference; lastKnownFileType = sourcecode.swift; path = ViewController.swift; sourceTree = "<group>"; };
		D9F92DCB29EB5DB800C7516C /* Assets.xcassets */ = {isa = PBXFileReference; lastKnownFileType = folder.assetcatalog; path = Assets.xcassets; sourceTree = "<group>"; };
		D9F92DCE29EB5DB800C7516C /* Base */ = {isa = PBXFileReference; lastKnownFileType = file.storyboard; name = Base; path = Base.lproj/Main.storyboard; sourceTree = "<group>"; };
		D9F92DD029EB5DB800C7516C /* CleanHelperExtension.entitlements */ = {isa = PBXFileReference; lastKnownFileType = text.plist.entitlements; path = CleanHelperExtension.entitlements; sourceTree = "<group>"; };
		D9F92DDC29EB5DC900C7516C /* Cocoa.framework */ = {isa = PBXFileReference; lastKnownFileType = wrapper.framework; name = Cocoa.framework; path = System/Library/Frameworks/Cocoa.framework; sourceTree = SDKROOT; };
		D9F92DDE29EB5DCA00C7516C /* XcodeKit.framework */ = {isa = PBXFileReference; lastKnownFileType = wrapper.framework; name = XcodeKit.framework; path = Library/Frameworks/XcodeKit.framework; sourceTree = DEVELOPER_DIR; };
/* End PBXFileReference section */

/* Begin PBXFrameworksBuildPhase section */
		D9AC6C6629EBDE1E00C9E938 /* Frameworks */ = {
			isa = PBXFrameworksBuildPhase;
			buildActionMask = 2147483647;
			files = (
				D9AC6C6A29EBDE1E00C9E938 /* Cocoa.framework in Frameworks */,
				D9AC6C7929EBDF1900C9E938 /* XcodeKit.framework in Frameworks */,
			);
			runOnlyForDeploymentPostprocessing = 0;
		};
		D9F92DC129EB5DB600C7516C /* Frameworks */ = {
			isa = PBXFrameworksBuildPhase;
			buildActionMask = 2147483647;
			files = (
			);
			runOnlyForDeploymentPostprocessing = 0;
		};
/* End PBXFrameworksBuildPhase section */

/* Begin PBXGroup section */
		D9AC6C6C29EBDE1F00C9E938 /* Clean Helper */ = {
			isa = PBXGroup;
			children = (
				D9AC6C6D29EBDE1F00C9E938 /* SourceEditorExtension.swift */,
				D9AC6C6F29EBDE1F00C9E938 /* SourceEditorCommand.swift */,
				D9AC6C7129EBDE1F00C9E938 /* Info.plist */,
				D9AC6C7229EBDE1F00C9E938 /* Clean_Helper.entitlements */,
			);
			path = "Clean Helper";
			sourceTree = "<group>";
		};
		D9F92DBB29EB5DB600C7516C = {
			isa = PBXGroup;
			children = (
				D9F92DC629EB5DB600C7516C /* CleanHelperExtension */,
				D9AC6C6C29EBDE1F00C9E938 /* Clean Helper */,
				D9F92DDB29EB5DC900C7516C /* Frameworks */,
				D9F92DC529EB5DB600C7516C /* Products */,
			);
			sourceTree = "<group>";
		};
		D9F92DC529EB5DB600C7516C /* Products */ = {
			isa = PBXGroup;
			children = (
				D9F92DC429EB5DB600C7516C /* CleanHelperExtension.app */,
				D9AC6C6929EBDE1E00C9E938 /* Clean Helper.appex */,
			);
			name = Products;
			sourceTree = "<group>";
		};
		D9F92DC629EB5DB600C7516C /* CleanHelperExtension */ = {
			isa = PBXGroup;
			children = (
				D9F92DC729EB5DB600C7516C /* AppDelegate.swift */,
				D9F92DC929EB5DB600C7516C /* ViewController.swift */,
				D9F92DCB29EB5DB800C7516C /* Assets.xcassets */,
				D9F92DCD29EB5DB800C7516C /* Main.storyboard */,
				D9F92DD029EB5DB800C7516C /* CleanHelperExtension.entitlements */,
			);
			path = CleanHelperExtension;
			sourceTree = "<group>";
		};
		D9F92DDB29EB5DC900C7516C /* Frameworks */ = {
			isa = PBXGroup;
			children = (
				D9F92DDC29EB5DC900C7516C /* Cocoa.framework */,
				D9F92DDE29EB5DCA00C7516C /* XcodeKit.framework */,
			);
			name = Frameworks;
			sourceTree = "<group>";
		};
/* End PBXGroup section */

/* Begin PBXNativeTarget section */
		D9AC6C6829EBDE1E00C9E938 /* Clean Helper */ = {
			isa = PBXNativeTarget;
			buildConfigurationList = D9AC6C7629EBDE1F00C9E938 /* Build configuration list for PBXNativeTarget "Clean Helper" */;
			buildPhases = (
				D9AC6C6529EBDE1E00C9E938 /* Sources */,
				D9AC6C6629EBDE1E00C9E938 /* Frameworks */,
				D9AC6C6729EBDE1E00C9E938 /* Resources */,
				D9AC6C7B29EBDF1900C9E938 /* Embed Frameworks */,
			);
			buildRules = (
			);
			dependencies = (
			);
			name = "Clean Helper";
			productName = "Clean Helper";
			productReference = D9AC6C6929EBDE1E00C9E938 /* Clean Helper.appex */;
			productType = "com.apple.product-type.xcode-extension";
		};
		D9F92DC329EB5DB600C7516C /* CleanHelperExtension */ = {
			isa = PBXNativeTarget;
			buildConfigurationList = D9F92DD329EB5DB800C7516C /* Build configuration list for PBXNativeTarget "CleanHelperExtension" */;
			buildPhases = (
				D9F92DC029EB5DB600C7516C /* Sources */,
				D9F92DC129EB5DB600C7516C /* Frameworks */,
				D9F92DC229EB5DB600C7516C /* Resources */,
				D9F92DED29EB5DCA00C7516C /* Embed Foundation Extensions */,
			);
			buildRules = (
			);
			dependencies = (
				D9AC6C7429EBDE1F00C9E938 /* PBXTargetDependency */,
			);
			name = CleanHelperExtension;
			productName = CleanHelperExtension;
			productReference = D9F92DC429EB5DB600C7516C /* CleanHelperExtension.app */;
			productType = "com.apple.product-type.application";
		};
/* End PBXNativeTarget section */

/* Begin PBXProject section */
		D9F92DBC29EB5DB600C7516C /* Project object */ = {
			isa = PBXProject;
			attributes = {
				BuildIndependentTargetsInParallel = 1;
				LastSwiftUpdateCheck = 1420;
				LastUpgradeCheck = 1420;
				TargetAttributes = {
					D9AC6C6829EBDE1E00C9E938 = {
						CreatedOnToolsVersion = 14.2;
					};
					D9F92DC329EB5DB600C7516C = {
						CreatedOnToolsVersion = 14.2;
					};
				};
			};
			buildConfigurationList = D9F92DBF29EB5DB600C7516C /* Build configuration list for PBXProject "CleanHelperExtension" */;
			compatibilityVersion = "Xcode 14.0";
			developmentRegion = en;
			hasScannedForEncodings = 0;
			knownRegions = (
				en,
				Base,
			);
			mainGroup = D9F92DBB29EB5DB600C7516C;
			productRefGroup = D9F92DC529EB5DB600C7516C /* Products */;
			projectDirPath = "";
			projectRoot = "";
			targets = (
				D9F92DC329EB5DB600C7516C /* CleanHelperExtension */,
				D9AC6C6829EBDE1E00C9E938 /* Clean Helper */,
			);
		};
/* End PBXProject section */

/* Begin PBXResourcesBuildPhase section */
		D9AC6C6729EBDE1E00C9E938 /* Resources */ = {
			isa = PBXResourcesBuildPhase;
			buildActionMask = 2147483647;
			files = (
			);
			runOnlyForDeploymentPostprocessing = 0;
		};
		D9F92DC229EB5DB600C7516C /* Resources */ = {
			isa = PBXResourcesBuildPhase;
			buildActionMask = 2147483647;
			files = (
				D9F92DCC29EB5DB800C7516C /* Assets.xcassets in Resources */,
				D9F92DCF29EB5DB800C7516C /* Main.storyboard in Resources */,
			);
			runOnlyForDeploymentPostprocessing = 0;
		};
/* End PBXResourcesBuildPhase section */

/* Begin PBXSourcesBuildPhase section */
		D9AC6C6529EBDE1E00C9E938 /* Sources */ = {
			isa = PBXSourcesBuildPhase;
			buildActionMask = 2147483647;
			files = (
				D9AC6C6E29EBDE1F00C9E938 /* SourceEditorExtension.swift in Sources */,
				D9AC6C7029EBDE1F00C9E938 /* SourceEditorCommand.swift in Sources */,
			);
			runOnlyForDeploymentPostprocessing = 0;
		};
		D9F92DC029EB5DB600C7516C /* Sources */ = {
			isa = PBXSourcesBuildPhase;
			buildActionMask = 2147483647;
			files = (
				D9F92DCA29EB5DB600C7516C /* ViewController.swift in Sources */,
				D9F92DC829EB5DB600C7516C /* AppDelegate.swift in Sources */,
			);
			runOnlyForDeploymentPostprocessing = 0;
		};
/* End PBXSourcesBuildPhase section */

/* Begin PBXTargetDependency section */
		D9AC6C7429EBDE1F00C9E938 /* PBXTargetDependency */ = {
			isa = PBXTargetDependency;
			target = D9AC6C6829EBDE1E00C9E938 /* Clean Helper */;
			targetProxy = D9AC6C7329EBDE1F00C9E938 /* PBXContainerItemProxy */;
		};
/* End PBXTargetDependency section */

/* Begin PBXVariantGroup section */
		D9F92DCD29EB5DB800C7516C /* Main.storyboard */ = {
			isa = PBXVariantGroup;
			children = (
				D9F92DCE29EB5DB800C7516C /* Base */,
			);
			name = Main.storyboard;
			sourceTree = "<group>";
		};
/* End PBXVariantGroup section */

/* Begin XCBuildConfiguration section */
		D9AC6C7729EBDE1F00C9E938 /* Debug */ = {
			isa = XCBuildConfiguration;
			buildSettings = {
				CODE_SIGN_ENTITLEMENTS = "Clean Helper/Clean_Helper.entitlements";
				CODE_SIGN_STYLE = Automatic;
				COMBINE_HIDPI_IMAGES = YES;
				CURRENT_PROJECT_VERSION = 1;
				DEVELOPMENT_TEAM = NR35WN7L9Z;
				ENABLE_HARDENED_RUNTIME = YES;
				GENERATE_INFOPLIST_FILE = YES;
				INFOPLIST_FILE = "Clean Helper/Info.plist";
				INFOPLIST_KEY_CFBundleDisplayName = "Clean Helper";
				INFOPLIST_KEY_NSHumanReadableCopyright = "";
				LD_RUNPATH_SEARCH_PATHS = (
					"$(inherited)",
					"@executable_path/../Frameworks",
					"@executable_path/../../../../Frameworks",
				);
				MACOSX_DEPLOYMENT_TARGET = 11.1;
				MARKETING_VERSION = 1.0;
				PRODUCT_BUNDLE_IDENTIFIER = "muratsenol.CleanHelperExtension.Clean-Helper";
				PRODUCT_NAME = "$(TARGET_NAME)";
				SKIP_INSTALL = YES;
				SWIFT_EMIT_LOC_STRINGS = YES;
				SWIFT_VERSION = 5.0;
			};
			name = Debug;
		};
		D9AC6C7829EBDE1F00C9E938 /* Release */ = {
			isa = XCBuildConfiguration;
			buildSettings = {
				CODE_SIGN_ENTITLEMENTS = "Clean Helper/Clean_Helper.entitlements";
				CODE_SIGN_STYLE = Automatic;
				COMBINE_HIDPI_IMAGES = YES;
				CURRENT_PROJECT_VERSION = 1;
				DEVELOPMENT_TEAM = NR35WN7L9Z;
				ENABLE_HARDENED_RUNTIME = YES;
				GENERATE_INFOPLIST_FILE = YES;
				INFOPLIST_FILE = "Clean Helper/Info.plist";
				INFOPLIST_KEY_CFBundleDisplayName = "Clean Helper";
				INFOPLIST_KEY_NSHumanReadableCopyright = "";
				LD_RUNPATH_SEARCH_PATHS = (
					"$(inherited)",
					"@executable_path/../Frameworks",
					"@executable_path/../../../../Frameworks",
				);
				MACOSX_DEPLOYMENT_TARGET = 11.1;
				MARKETING_VERSION = 1.0;
				PRODUCT_BUNDLE_IDENTIFIER = "muratsenol.CleanHelperExtension.Clean-Helper";
				PRODUCT_NAME = "$(TARGET_NAME)";
				SKIP_INSTALL = YES;
				SWIFT_EMIT_LOC_STRINGS = YES;
				SWIFT_VERSION = 5.0;
			};
			name = Release;
		};
		D9F92DD129EB5DB800C7516C /* Debug */ = {
			isa = XCBuildConfiguration;
			buildSettings = {
				ALWAYS_SEARCH_USER_PATHS = NO;
				CLANG_ANALYZER_NONNULL = YES;
				CLANG_ANALYZER_NUMBER_OBJECT_CONVERSION = YES_AGGRESSIVE;
				CLANG_CXX_LANGUAGE_STANDARD = "gnu++20";
				CLANG_ENABLE_MODULES = YES;
				CLANG_ENABLE_OBJC_ARC = YES;
				CLANG_ENABLE_OBJC_WEAK = YES;
				CLANG_WARN_BLOCK_CAPTURE_AUTORELEASING = YES;
				CLANG_WARN_BOOL_CONVERSION = YES;
				CLANG_WARN_COMMA = YES;
				CLANG_WARN_CONSTANT_CONVERSION = YES;
				CLANG_WARN_DEPRECATED_OBJC_IMPLEMENTATIONS = YES;
				CLANG_WARN_DIRECT_OBJC_ISA_USAGE = YES_ERROR;
				CLANG_WARN_DOCUMENTATION_COMMENTS = YES;
				CLANG_WARN_EMPTY_BODY = YES;
				CLANG_WARN_ENUM_CONVERSION = YES;
				CLANG_WARN_INFINITE_RECURSION = YES;
				CLANG_WARN_INT_CONVERSION = YES;
				CLANG_WARN_NON_LITERAL_NULL_CONVERSION = YES;
				CLANG_WARN_OBJC_IMPLICIT_RETAIN_SELF = YES;
				CLANG_WARN_OBJC_LITERAL_CONVERSION = YES;
				CLANG_WARN_OBJC_ROOT_CLASS = YES_ERROR;
				CLANG_WARN_QUOTED_INCLUDE_IN_FRAMEWORK_HEADER = YES;
				CLANG_WARN_RANGE_LOOP_ANALYSIS = YES;
				CLANG_WARN_STRICT_PROTOTYPES = YES;
				CLANG_WARN_SUSPICIOUS_MOVE = YES;
				CLANG_WARN_UNGUARDED_AVAILABILITY = YES_AGGRESSIVE;
				CLANG_WARN_UNREACHABLE_CODE = YES;
				CLANG_WARN__DUPLICATE_METHOD_MATCH = YES;
				COPY_PHASE_STRIP = NO;
				DEBUG_INFORMATION_FORMAT = dwarf;
				ENABLE_STRICT_OBJC_MSGSEND = YES;
				ENABLE_TESTABILITY = YES;
				GCC_C_LANGUAGE_STANDARD = gnu11;
				GCC_DYNAMIC_NO_PIC = NO;
				GCC_NO_COMMON_BLOCKS = YES;
				GCC_OPTIMIZATION_LEVEL = 0;
				GCC_PREPROCESSOR_DEFINITIONS = (
					"DEBUG=1",
					"$(inherited)",
				);
				GCC_WARN_64_TO_32_BIT_CONVERSION = YES;
				GCC_WARN_ABOUT_RETURN_TYPE = YES_ERROR;
				GCC_WARN_UNDECLARED_SELECTOR = YES;
				GCC_WARN_UNINITIALIZED_AUTOS = YES_AGGRESSIVE;
				GCC_WARN_UNUSED_FUNCTION = YES;
				GCC_WARN_UNUSED_VARIABLE = YES;
				INFOPLIST_KEY_CFBundleDisplayName = "";
				MACOSX_DEPLOYMENT_TARGET = 11.1;
				MTL_ENABLE_DEBUG_INFO = INCLUDE_SOURCE;
				MTL_FAST_MATH = YES;
				ONLY_ACTIVE_ARCH = YES;
				SDKROOT = macosx;
				SWIFT_ACTIVE_COMPILATION_CONDITIONS = DEBUG;
				SWIFT_OPTIMIZATION_LEVEL = "-Onone";
			};
			name = Debug;
		};
		D9F92DD229EB5DB800C7516C /* Release */ = {
			isa = XCBuildConfiguration;
			buildSettings = {
				ALWAYS_SEARCH_USER_PATHS = NO;
				CLANG_ANALYZER_NONNULL = YES;
				CLANG_ANALYZER_NUMBER_OBJECT_CONVERSION = YES_AGGRESSIVE;
				CLANG_CXX_LANGUAGE_STANDARD = "gnu++20";
				CLANG_ENABLE_MODULES = YES;
				CLANG_ENABLE_OBJC_ARC = YES;
				CLANG_ENABLE_OBJC_WEAK = YES;
				CLANG_WARN_BLOCK_CAPTURE_AUTORELEASING = YES;
				CLANG_WARN_BOOL_CONVERSION = YES;
				CLANG_WARN_COMMA = YES;
				CLANG_WARN_CONSTANT_CONVERSION = YES;
				CLANG_WARN_DEPRECATED_OBJC_IMPLEMENTATIONS = YES;
				CLANG_WARN_DIRECT_OBJC_ISA_USAGE = YES_ERROR;
				CLANG_WARN_DOCUMENTATION_COMMENTS = YES;
				CLANG_WARN_EMPTY_BODY = YES;
				CLANG_WARN_ENUM_CONVERSION = YES;
				CLANG_WARN_INFINITE_RECURSION = YES;
				CLANG_WARN_INT_CONVERSION = YES;
				CLANG_WARN_NON_LITERAL_NULL_CONVERSION = YES;
				CLANG_WARN_OBJC_IMPLICIT_RETAIN_SELF = YES;
				CLANG_WARN_OBJC_LITERAL_CONVERSION = YES;
				CLANG_WARN_OBJC_ROOT_CLASS = YES_ERROR;
				CLANG_WARN_QUOTED_INCLUDE_IN_FRAMEWORK_HEADER = YES;
				CLANG_WARN_RANGE_LOOP_ANALYSIS = YES;
				CLANG_WARN_STRICT_PROTOTYPES = YES;
				CLANG_WARN_SUSPICIOUS_MOVE = YES;
				CLANG_WARN_UNGUARDED_AVAILABILITY = YES_AGGRESSIVE;
				CLANG_WARN_UNREACHABLE_CODE = YES;
				CLANG_WARN__DUPLICATE_METHOD_MATCH = YES;
				COPY_PHASE_STRIP = NO;
				DEBUG_INFORMATION_FORMAT = "dwarf-with-dsym";
				ENABLE_NS_ASSERTIONS = NO;
				ENABLE_STRICT_OBJC_MSGSEND = YES;
				GCC_C_LANGUAGE_STANDARD = gnu11;
				GCC_NO_COMMON_BLOCKS = YES;
				GCC_WARN_64_TO_32_BIT_CONVERSION = YES;
				GCC_WARN_ABOUT_RETURN_TYPE = YES_ERROR;
				GCC_WARN_UNDECLARED_SELECTOR = YES;
				GCC_WARN_UNINITIALIZED_AUTOS = YES_AGGRESSIVE;
				GCC_WARN_UNUSED_FUNCTION = YES;
				GCC_WARN_UNUSED_VARIABLE = YES;
				MACOSX_DEPLOYMENT_TARGET = 11.1;
				MTL_ENABLE_DEBUG_INFO = NO;
				MTL_FAST_MATH = YES;
				SDKROOT = macosx;
				SWIFT_COMPILATION_MODE = wholemodule;
				SWIFT_OPTIMIZATION_LEVEL = "-O";
			};
			name = Release;
		};
		D9F92DD429EB5DB800C7516C /* Debug */ = {
			isa = XCBuildConfiguration;
			buildSettings = {
				ALWAYS_EMBED_SWIFT_STANDARD_LIBRARIES = YES;
				ASSETCATALOG_COMPILER_APPICON_NAME = AppIcon;
				ASSETCATALOG_COMPILER_GLOBAL_ACCENT_COLOR_NAME = AccentColor;
				CODE_SIGN_ENTITLEMENTS = CleanHelperExtension/CleanHelperExtension.entitlements;
				CODE_SIGN_STYLE = Automatic;
				COMBINE_HIDPI_IMAGES = YES;
				CURRENT_PROJECT_VERSION = 1;
				DEVELOPMENT_TEAM = NR35WN7L9Z;
				ENABLE_HARDENED_RUNTIME = YES;
				GENERATE_INFOPLIST_FILE = YES;
				INFOPLIST_KEY_NSHumanReadableCopyright = "";
				INFOPLIST_KEY_NSMainStoryboardFile = Main;
				INFOPLIST_KEY_NSPrincipalClass = NSApplication;
				LD_RUNPATH_SEARCH_PATHS = (
					"$(inherited)",
					"@executable_path/../Frameworks",
				);
				MACOSX_DEPLOYMENT_TARGET = 11.1;
				MARKETING_VERSION = 1.0;
				PRODUCT_BUNDLE_IDENTIFIER = muratsenol.CleanHelperExtension;
				PRODUCT_NAME = "$(TARGET_NAME)";
				SWIFT_EMIT_LOC_STRINGS = YES;
				SWIFT_VERSION = 5.0;
			};
			name = Debug;
		};
		D9F92DD529EB5DB800C7516C /* Release */ = {
			isa = XCBuildConfiguration;
			buildSettings = {
				ALWAYS_EMBED_SWIFT_STANDARD_LIBRARIES = YES;
				ASSETCATALOG_COMPILER_APPICON_NAME = AppIcon;
				ASSETCATALOG_COMPILER_GLOBAL_ACCENT_COLOR_NAME = AccentColor;
				CODE_SIGN_ENTITLEMENTS = CleanHelperExtension/CleanHelperExtension.entitlements;
				CODE_SIGN_STYLE = Automatic;
				COMBINE_HIDPI_IMAGES = YES;
				CURRENT_PROJECT_VERSION = 1;
				DEVELOPMENT_TEAM = NR35WN7L9Z;
				ENABLE_HARDENED_RUNTIME = YES;
				GENERATE_INFOPLIST_FILE = YES;
				INFOPLIST_KEY_NSHumanReadableCopyright = "";
				INFOPLIST_KEY_NSMainStoryboardFile = Main;
				INFOPLIST_KEY_NSPrincipalClass = NSApplication;
				LD_RUNPATH_SEARCH_PATHS = (
					"$(inherited)",
					"@executable_path/../Frameworks",
				);
				MACOSX_DEPLOYMENT_TARGET = 11.1;
				MARKETING_VERSION = 1.0;
				PRODUCT_BUNDLE_IDENTIFIER = muratsenol.CleanHelperExtension;
				PRODUCT_NAME = "$(TARGET_NAME)";
				SWIFT_EMIT_LOC_STRINGS = YES;
				SWIFT_VERSION = 5.0;
			};
			name = Release;
		};
/* End XCBuildConfiguration section */

/* Begin XCConfigurationList section */
		D9AC6C7629EBDE1F00C9E938 /* Build configuration list for PBXNativeTarget "Clean Helper" */ = {
			isa = XCConfigurationList;
			buildConfigurations = (
				D9AC6C7729EBDE1F00C9E938 /* Debug */,
				D9AC6C7829EBDE1F00C9E938 /* Release */,
			);
			defaultConfigurationIsVisible = 0;
			defaultConfigurationName = Release;
		};
		D9F92DBF29EB5DB600C7516C /* Build configuration list for PBXProject "CleanHelperExtension" */ = {
			isa = XCConfigurationList;
			buildConfigurations = (
				D9F92DD129EB5DB800C7516C /* Debug */,
				D9F92DD229EB5DB800C7516C /* Release */,
			);
			defaultConfigurationIsVisible = 0;
			defaultConfigurationName = Release;
		};
		D9F92DD329EB5DB800C7516C /* Build configuration list for PBXNativeTarget "CleanHelperExtension" */ = {
			isa = XCConfigurationList;
			buildConfigurations = (
				D9F92DD429EB5DB800C7516C /* Debug */,
				D9F92DD529EB5DB800C7516C /* Release */,
			);
			defaultConfigurationIsVisible = 0;
			defaultConfigurationName = Release;
		};
/* End XCConfigurationList section */
	};
	rootObject = D9F92DBC29EB5DB600C7516C /* Project object */;
}
